
Microsoft Visual Studio Solution File, Format Version 12.00
# Visual Studio Version 16
VisualStudioVersion = 16.0.30406.217
MinimumVisualStudioVersion = 10.0.40219.1
Project("{FAE04EC0-301F-11D3-BF4B-00C04F79EFBC}") = "Validator", "Validator.csproj", "{1BC99740-31CB-4833-8473-9836E3F9560E}"
EndProject
Global
	GlobalSection(SolutionConfigurationPlatforms) = preSolution
		Debug|Any CPU = Debug|Any CPU
		Release|Any CPU = Release|Any CPU
	EndGlobalSection
	GlobalSection(ProjectConfigurationPlatforms) = postSolution
		{1BC99740-31CB-4833-8473-9836E3F9560E}.Debug|Any CPU.ActiveCfg = Debug|Any CPU
		{1BC99740-31CB-4833-8473-9836E3F9560E}.Debug|Any CPU.Build.0 = Debug|Any CPU
		{1BC99740-31CB-4833-8473-9836E3F9560E}.Release|Any CPU.ActiveCfg = Release|Any CPU
		{1BC99740-31CB-4833-8473-9836E3F9560E}.Release|Any CPU.Build.0 = Release|Any CPU
	EndGlobalSection
	GlobalSection(SolutionProperties) = preSolution
		HideSolutionNode = FALSE
	EndGlobalSection
	GlobalSection(ExtensibilityGlobals) = postSolution
		SolutionGuid = {A05BE0AD-27C3-492F-A980-33AE6455F49B}
	EndGlobalSection
EndGlobal
