
Microsoft Visual Studio Solution File, Format Version 12.00
# Visual Studio Version 17
VisualStudioVersion = 17.2.32630.192
MinimumVisualStudioVersion = 10.0.40219.1
Project("{9A19103F-16F7-4668-BE54-9A1E7A4F7556}") = "MTGODecklistCache.Updater.Model", "MTGODecklistCache.Updater.Model\MTGODecklistCache.Updater.Model.csproj", "{3FE6EEC5-384C-42B9-80B5-BBEE6573F982}"
EndProject
Project("{9A19103F-16F7-4668-BE54-9A1E7A4F7556}") = "MTGODecklistCache.Updater.App", "MTGODecklistCache.Updater.App\MTGODecklistCache.Updater.App.csproj", "{C3B36802-8891-461F-9C01-9D4B263A8964}"
EndProject
Project("{9A19103F-16F7-4668-BE54-9A1E7A4F7556}") = "MTGODecklistCache.Updater.ManaTraders", "MTGODecklistCache.Updater.ManaTraders\MTGODecklistCache.Updater.ManaTraders.csproj", "{84F743AC-CF45-43F6-82AF-3C609494C470}"
EndProject
Project("{9A19103F-16F7-4668-BE54-9A1E7A4F7556}") = "MTGODecklistCache.Validator.App", "MTGODecklistCache.Validator.App\MTGODecklistCache.Validator.App.csproj", "{B7BEDB3C-FF19-4582-9D8B-9AD9A9FBD6B6}"
EndProject
Project("{9A19103F-16F7-4668-BE54-9A1E7A4F7556}") = "MTGODecklistCache.Updater.Common", "MTGODecklistCache.Updater.Common\MTGODecklistCache.Updater.Common.csproj", "{071301B3-3E77-40BC-A3C9-3CDC37C29391}"
EndProject
Project("{9A19103F-16F7-4668-BE54-9A1E7A4F7556}") = "MTGODecklistCache.Updater.MtgMelee", "MTGODecklistCache.Updater.MtgMelee\MTGODecklistCache.Updater.MtgMelee.csproj", "{3796E19A-B84F-44D1-A4B5-6DB9B345A9FB}"
EndProject
Project("{2150E333-8FDC-42A3-9474-1A3956D46DE8}") = "Sources", "Sources", "{48F65E7F-E367-40F3-871C-71D48240CE38}"
EndProject
Project("{9A19103F-16F7-4668-BE54-9A1E7A4F7556}") = "MTGODecklistCache.Updater.Tools", "MTGODecklistCache.Updater.Tools\MTGODecklistCache.Updater.Tools.csproj", "{FAA61955-56AC-4B5C-A900-2F8F167DEB23}"
EndProject
Project("{9A19103F-16F7-4668-BE54-9A1E7A4F7556}") = "MTGODecklistCache.Updater.Mtgo", "MTGODecklistCache.Updater.Mtgo\MTGODecklistCache.Updater.Mtgo.csproj", "{E5BE5B78-995F-492A-94E5-A996697025B8}"
EndProject
Project("{9A19103F-16F7-4668-BE54-9A1E7A4F7556}") = "MTGODecklistCache.Updater.Mtgo.Tests", "MTGODecklistCache.Updater.Mtgo.Tests\MTGODecklistCache.Updater.Mtgo.Tests.csproj", "{CD859235-84A2-4426-ADF3-EF1F1B5A9E73}"
EndProject
Project("{9A19103F-16F7-4668-BE54-9A1E7A4F7556}") = "MTGODecklistCache.Updater.ManaTraders.Tests", "MTGODecklistCache.Updater.ManaTraders.Tests\MTGODecklistCache.Updater.ManaTraders.Tests.csproj", "{F4799375-9464-46BB-B156-CE58970D5916}"
EndProject
Project("{9A19103F-16F7-4668-BE54-9A1E7A4F7556}") = "MTGODecklistCache.Updater.MtgMelee.Tests", "MTGODecklistCache.Updater.MtgMelee.Tests\MTGODecklistCache.Updater.MtgMelee.Tests.csproj", "{173E6B2A-3F9C-49DC-8DA1-E2E63BEA606B}"
EndProject
Project("{9A19103F-16F7-4668-BE54-9A1E7A4F7556}") = "MTGODecklistCache.Updater.Tools.Tests", "MTGODecklistCache.Updater.Tools.Tests\MTGODecklistCache.Updater.Tools.Tests.csproj", "{F2CA9417-D41E-4096-8E7A-D7E1DED915B6}"
EndProject
Global
	GlobalSection(SolutionConfigurationPlatforms) = preSolution
		Debug|Any CPU = Debug|Any CPU
		Release|Any CPU = Release|Any CPU
	EndGlobalSection
	GlobalSection(ProjectConfigurationPlatforms) = postSolution
		{3FE6EEC5-384C-42B9-80B5-BBEE6573F982}.Debug|Any CPU.ActiveCfg = Debug|Any CPU
		{3FE6EEC5-384C-42B9-80B5-BBEE6573F982}.Debug|Any CPU.Build.0 = Debug|Any CPU
		{3FE6EEC5-384C-42B9-80B5-BBEE6573F982}.Release|Any CPU.ActiveCfg = Release|Any CPU
		{3FE6EEC5-384C-42B9-80B5-BBEE6573F982}.Release|Any CPU.Build.0 = Release|Any CPU
		{C3B36802-8891-461F-9C01-9D4B263A8964}.Debug|Any CPU.ActiveCfg = Debug|Any CPU
		{C3B36802-8891-461F-9C01-9D4B263A8964}.Debug|Any CPU.Build.0 = Debug|Any CPU
		{C3B36802-8891-461F-9C01-9D4B263A8964}.Release|Any CPU.ActiveCfg = Release|Any CPU
		{C3B36802-8891-461F-9C01-9D4B263A8964}.Release|Any CPU.Build.0 = Release|Any CPU
		{84F743AC-CF45-43F6-82AF-3C609494C470}.Debug|Any CPU.ActiveCfg = Debug|Any CPU
		{84F743AC-CF45-43F6-82AF-3C609494C470}.Debug|Any CPU.Build.0 = Debug|Any CPU
		{84F743AC-CF45-43F6-82AF-3C609494C470}.Release|Any CPU.ActiveCfg = Release|Any CPU
		{84F743AC-CF45-43F6-82AF-3C609494C470}.Release|Any CPU.Build.0 = Release|Any CPU
		{B7BEDB3C-FF19-4582-9D8B-9AD9A9FBD6B6}.Debug|Any CPU.ActiveCfg = Debug|Any CPU
		{B7BEDB3C-FF19-4582-9D8B-9AD9A9FBD6B6}.Debug|Any CPU.Build.0 = Debug|Any CPU
		{B7BEDB3C-FF19-4582-9D8B-9AD9A9FBD6B6}.Release|Any CPU.ActiveCfg = Release|Any CPU
		{B7BEDB3C-FF19-4582-9D8B-9AD9A9FBD6B6}.Release|Any CPU.Build.0 = Release|Any CPU
		{071301B3-3E77-40BC-A3C9-3CDC37C29391}.Debug|Any CPU.ActiveCfg = Debug|Any CPU
		{071301B3-3E77-40BC-A3C9-3CDC37C29391}.Debug|Any CPU.Build.0 = Debug|Any CPU
		{071301B3-3E77-40BC-A3C9-3CDC37C29391}.Release|Any CPU.ActiveCfg = Release|Any CPU
		{071301B3-3E77-40BC-A3C9-3CDC37C29391}.Release|Any CPU.Build.0 = Release|Any CPU
		{3796E19A-B84F-44D1-A4B5-6DB9B345A9FB}.Debug|Any CPU.ActiveCfg = Debug|Any CPU
		{3796E19A-B84F-44D1-A4B5-6DB9B345A9FB}.Debug|Any CPU.Build.0 = Debug|Any CPU
		{3796E19A-B84F-44D1-A4B5-6DB9B345A9FB}.Release|Any CPU.ActiveCfg = Release|Any CPU
		{3796E19A-B84F-44D1-A4B5-6DB9B345A9FB}.Release|Any CPU.Build.0 = Release|Any CPU
		{FAA61955-56AC-4B5C-A900-2F8F167DEB23}.Debug|Any CPU.ActiveCfg = Debug|Any CPU
		{FAA61955-56AC-4B5C-A900-2F8F167DEB23}.Debug|Any CPU.Build.0 = Debug|Any CPU
		{FAA61955-56AC-4B5C-A900-2F8F167DEB23}.Release|Any CPU.ActiveCfg = Release|Any CPU
		{FAA61955-56AC-4B5C-A900-2F8F167DEB23}.Release|Any CPU.Build.0 = Release|Any CPU
		{E5BE5B78-995F-492A-94E5-A996697025B8}.Debug|Any CPU.ActiveCfg = Debug|Any CPU
		{E5BE5B78-995F-492A-94E5-A996697025B8}.Debug|Any CPU.Build.0 = Debug|Any CPU
		{E5BE5B78-995F-492A-94E5-A996697025B8}.Release|Any CPU.ActiveCfg = Release|Any CPU
		{E5BE5B78-995F-492A-94E5-A996697025B8}.Release|Any CPU.Build.0 = Release|Any CPU
		{CD859235-84A2-4426-ADF3-EF1F1B5A9E73}.Debug|Any CPU.ActiveCfg = Debug|Any CPU
		{CD859235-84A2-4426-ADF3-EF1F1B5A9E73}.Debug|Any CPU.Build.0 = Debug|Any CPU
		{CD859235-84A2-4426-ADF3-EF1F1B5A9E73}.Release|Any CPU.ActiveCfg = Release|Any CPU
		{CD859235-84A2-4426-ADF3-EF1F1B5A9E73}.Release|Any CPU.Build.0 = Release|Any CPU
		{F4799375-9464-46BB-B156-CE58970D5916}.Debug|Any CPU.ActiveCfg = Debug|Any CPU
		{F4799375-9464-46BB-B156-CE58970D5916}.Debug|Any CPU.Build.0 = Debug|Any CPU
		{F4799375-9464-46BB-B156-CE58970D5916}.Release|Any CPU.ActiveCfg = Release|Any CPU
		{F4799375-9464-46BB-B156-CE58970D5916}.Release|Any CPU.Build.0 = Release|Any CPU
		{173E6B2A-3F9C-49DC-8DA1-E2E63BEA606B}.Debug|Any CPU.ActiveCfg = Debug|Any CPU
		{173E6B2A-3F9C-49DC-8DA1-E2E63BEA606B}.Debug|Any CPU.Build.0 = Debug|Any CPU
		{173E6B2A-3F9C-49DC-8DA1-E2E63BEA606B}.Release|Any CPU.ActiveCfg = Release|Any CPU
		{173E6B2A-3F9C-49DC-8DA1-E2E63BEA606B}.Release|Any CPU.Build.0 = Release|Any CPU
		{F2CA9417-D41E-4096-8E7A-D7E1DED915B6}.Debug|Any CPU.ActiveCfg = Debug|Any CPU
		{F2CA9417-D41E-4096-8E7A-D7E1DED915B6}.Debug|Any CPU.Build.0 = Debug|Any CPU
		{F2CA9417-D41E-4096-8E7A-D7E1DED915B6}.Release|Any CPU.ActiveCfg = Release|Any CPU
		{F2CA9417-D41E-4096-8E7A-D7E1DED915B6}.Release|Any CPU.Build.0 = Release|Any CPU
	EndGlobalSection
	GlobalSection(SolutionProperties) = preSolution
		HideSolutionNode = FALSE
	EndGlobalSection
	GlobalSection(NestedProjects) = preSolution
		{84F743AC-CF45-43F6-82AF-3C609494C470} = {48F65E7F-E367-40F3-871C-71D48240CE38}
		{3796E19A-B84F-44D1-A4B5-6DB9B345A9FB} = {48F65E7F-E367-40F3-871C-71D48240CE38}
		{E5BE5B78-995F-492A-94E5-A996697025B8} = {48F65E7F-E367-40F3-871C-71D48240CE38}
		{CD859235-84A2-4426-ADF3-EF1F1B5A9E73} = {48F65E7F-E367-40F3-871C-71D48240CE38}
		{F4799375-9464-46BB-B156-CE58970D5916} = {48F65E7F-E367-40F3-871C-71D48240CE38}
		{173E6B2A-3F9C-49DC-8DA1-E2E63BEA606B} = {48F65E7F-E367-40F3-871C-71D48240CE38}
	EndGlobalSection
	GlobalSection(ExtensibilityGlobals) = postSolution
		SolutionGuid = {00ADC308-584B-44CA-8D96-0ACC25C78A51}
	EndGlobalSection
EndGlobal
